{
    "_meta": {
        "hash": {
            "sha256": "1c2431e7b19544f86f2e6449b6d94f8d02685db000333d46107ec556c20be3df"
        },
        "pipfile-spec": 6,
        "requires": {
            "python_version": "3.8"
        },
        "sources": [
            {
                "name": "pypi",
                "url": "https://pypi.org/simple",
                "verify_ssl": true
            }
        ]
    },
    "default": {},
    "develop": {}
}
